
Microsoft Visual Studio Solution File, Format Version 12.00
# Visual Studio Version 16
VisualStudioVersion = 16.0.32106.194
MinimumVisualStudioVersion = 10.0.40219.1
Project("{9A19103F-16F7-4668-BE54-9A1E7A4F7556}") = "FlightPlanner", "FlightPlanner\FlightPlanner.csproj", "{9F7092E5-B78E-4386-95B1-490165270CAE}"
EndProject
Project("{FAE04EC0-301F-11D3-BF4B-00C04F79EFBC}") = "FlightPlanner.Core", "FlightPlanner.Core\FlightPlanner.Core.csproj", "{1011CA86-CEAF-4C25-A29F-D25399DE12C8}"
EndProject
Project("{FAE04EC0-301F-11D3-BF4B-00C04F79EFBC}") = "FlightPlanner.Services", "FlightPlanner.Services\FlightPlanner.Services.csproj", "{EDB069DF-483F-47D8-A7B9-4924928359BA}"
EndProject
Project("{FAE04EC0-301F-11D3-BF4B-00C04F79EFBC}") = "FlightPlanner.Data", "FlightPlanner.Data\FlightPlanner.Data.csproj", "{B1095B7B-F046-4B68-8269-92CF8F6C6B92}"
EndProject
Global
	GlobalSection(SolutionConfigurationPlatforms) = preSolution
		Debug|Any CPU = Debug|Any CPU
		Release|Any CPU = Release|Any CPU
	EndGlobalSection
	GlobalSection(ProjectConfigurationPlatforms) = postSolution
		{9F7092E5-B78E-4386-95B1-490165270CAE}.Debug|Any CPU.ActiveCfg = Debug|Any CPU
		{9F7092E5-B78E-4386-95B1-490165270CAE}.Debug|Any CPU.Build.0 = Debug|Any CPU
		{9F7092E5-B78E-4386-95B1-490165270CAE}.Release|Any CPU.ActiveCfg = Release|Any CPU
		{9F7092E5-B78E-4386-95B1-490165270CAE}.Release|Any CPU.Build.0 = Release|Any CPU
		{1011CA86-CEAF-4C25-A29F-D25399DE12C8}.Debug|Any CPU.ActiveCfg = Debug|Any CPU
		{1011CA86-CEAF-4C25-A29F-D25399DE12C8}.Debug|Any CPU.Build.0 = Debug|Any CPU
		{1011CA86-CEAF-4C25-A29F-D25399DE12C8}.Release|Any CPU.ActiveCfg = Release|Any CPU
		{1011CA86-CEAF-4C25-A29F-D25399DE12C8}.Release|Any CPU.Build.0 = Release|Any CPU
		{EDB069DF-483F-47D8-A7B9-4924928359BA}.Debug|Any CPU.ActiveCfg = Debug|Any CPU
		{EDB069DF-483F-47D8-A7B9-4924928359BA}.Debug|Any CPU.Build.0 = Debug|Any CPU
		{EDB069DF-483F-47D8-A7B9-4924928359BA}.Release|Any CPU.ActiveCfg = Release|Any CPU
		{EDB069DF-483F-47D8-A7B9-4924928359BA}.Release|Any CPU.Build.0 = Release|Any CPU
		{B1095B7B-F046-4B68-8269-92CF8F6C6B92}.Debug|Any CPU.ActiveCfg = Debug|Any CPU
		{B1095B7B-F046-4B68-8269-92CF8F6C6B92}.Debug|Any CPU.Build.0 = Debug|Any CPU
		{B1095B7B-F046-4B68-8269-92CF8F6C6B92}.Release|Any CPU.ActiveCfg = Release|Any CPU
		{B1095B7B-F046-4B68-8269-92CF8F6C6B92}.Release|Any CPU.Build.0 = Release|Any CPU
	EndGlobalSection
	GlobalSection(SolutionProperties) = preSolution
		HideSolutionNode = FALSE
	EndGlobalSection
	GlobalSection(ExtensibilityGlobals) = postSolution
		SolutionGuid = {0BBB0A57-EC3D-4342-941C-15FFE7BC5AAA}
	EndGlobalSection
EndGlobal
